
Microsoft Visual Studio Solution File, Format Version 12.00
# Visual Studio Version 17
VisualStudioVersion = 17.11.35312.102
MinimumVisualStudioVersion = 10.0.40219.1
Project("{FAE04EC0-301F-11D3-BF4B-00C04F79EFBC}") = "MyApp.Api", "MyApp.Api\MyApp.Api.csproj", "{65B387D2-3102-4635-91CD-B184B1B43F66}"
EndProject
Global
	GlobalSection(SolutionConfigurationPlatforms) = preSolution
		Debug|Any CPU = Debug|Any CPU
		Release|Any CPU = Release|Any CPU
	EndGlobalSection
	GlobalSection(ProjectConfigurationPlatforms) = postSolution
		{65B387D2-3102-4635-91CD-B184B1B43F66}.Debug|Any CPU.ActiveCfg = Debug|Any CPU
		{65B387D2-3102-4635-91CD-B184B1B43F66}.Debug|Any CPU.Build.0 = Debug|Any CPU
		{65B387D2-3102-4635-91CD-B184B1B43F66}.Release|Any CPU.ActiveCfg = Release|Any CPU
		{65B387D2-3102-4635-91CD-B184B1B43F66}.Release|Any CPU.Build.0 = Release|Any CPU
	EndGlobalSection
	GlobalSection(SolutionProperties) = preSolution
		HideSolutionNode = FALSE
	EndGlobalSection
	GlobalSection(ExtensibilityGlobals) = postSolution
		SolutionGuid = {BC7A0807-3CED-4F1E-83DF-C60BDF34CB87}
	EndGlobalSection
EndGlobal
